
Microsoft Visual Studio Solution File, Format Version 12.00
# Visual Studio Version 16
VisualStudioVersion = 16.0.29509.3
MinimumVisualStudioVersion = 10.0.40219.1
Project("{FAE04EC0-301F-11D3-BF4B-00C04F79EFBC}") = "FizzBuzz", "FizzBuzz\FizzBuzz.csproj", "{86A24924-50C5-4E30-8351-21FD8618D4EE}"
EndProject
Global
	GlobalSection(SolutionConfigurationPlatforms) = preSolution
		Debug|Any CPU = Debug|Any CPU
		Release|Any CPU = Release|Any CPU
	EndGlobalSection
	GlobalSection(ProjectConfigurationPlatforms) = postSolution
		{86A24924-50C5-4E30-8351-21FD8618D4EE}.Debug|Any CPU.ActiveCfg = Debug|Any CPU
		{86A24924-50C5-4E30-8351-21FD8618D4EE}.Debug|Any CPU.Build.0 = Debug|Any CPU
		{86A24924-50C5-4E30-8351-21FD8618D4EE}.Release|Any CPU.ActiveCfg = Release|Any CPU
		{86A24924-50C5-4E30-8351-21FD8618D4EE}.Release|Any CPU.Build.0 = Release|Any CPU
	EndGlobalSection
	GlobalSection(SolutionProperties) = preSolution
		HideSolutionNode = FALSE
	EndGlobalSection
	GlobalSection(ExtensibilityGlobals) = postSolution
		SolutionGuid = {7365F61C-AD3B-43BB-B7FA-517E2BF711AA}
	EndGlobalSection
EndGlobal
